
Microsoft Visual Studio Solution File, Format Version 12.00
# Visual Studio Version 17
VisualStudioVersion = 17.3.32819.101
MinimumVisualStudioVersion = 10.0.40219.1
Project("{FAE04EC0-301F-11D3-BF4B-00C04F79EFBC}") = "rpg.Api", "rpg.Api\rpg.Api.csproj", "{487B6556-947E-404C-B187-7E5216F22BFA}"
EndProject
Project("{FAE04EC0-301F-11D3-BF4B-00C04F79EFBC}") = "rpg.Domain", "rpg.Domain\rpg.Domain.csproj", "{4FCD682A-FF60-449E-8673-10DDA79373DE}"
EndProject
Project("{FAE04EC0-301F-11D3-BF4B-00C04F79EFBC}") = "rpg.Persistence", "rpg.Persistence\rpg.Persistence.csproj", "{4D062A52-2866-452F-97EA-6BB18471D2AA}"
EndProject
Project("{FAE04EC0-301F-11D3-BF4B-00C04F79EFBC}") = "rpg.Application", "rpg.Application\rpg.Application.csproj", "{1D9F1824-BAD9-498E-8461-79B919B4CB61}"
EndProject
Global
	GlobalSection(SolutionConfigurationPlatforms) = preSolution
		Debug|Any CPU = Debug|Any CPU
		Release|Any CPU = Release|Any CPU
	EndGlobalSection
	GlobalSection(ProjectConfigurationPlatforms) = postSolution
		{487B6556-947E-404C-B187-7E5216F22BFA}.Debug|Any CPU.ActiveCfg = Debug|Any CPU
		{487B6556-947E-404C-B187-7E5216F22BFA}.Debug|Any CPU.Build.0 = Debug|Any CPU
		{487B6556-947E-404C-B187-7E5216F22BFA}.Release|Any CPU.ActiveCfg = Release|Any CPU
		{487B6556-947E-404C-B187-7E5216F22BFA}.Release|Any CPU.Build.0 = Release|Any CPU
		{4FCD682A-FF60-449E-8673-10DDA79373DE}.Debug|Any CPU.ActiveCfg = Debug|Any CPU
		{4FCD682A-FF60-449E-8673-10DDA79373DE}.Debug|Any CPU.Build.0 = Debug|Any CPU
		{4FCD682A-FF60-449E-8673-10DDA79373DE}.Release|Any CPU.ActiveCfg = Release|Any CPU
		{4FCD682A-FF60-449E-8673-10DDA79373DE}.Release|Any CPU.Build.0 = Release|Any CPU
		{4D062A52-2866-452F-97EA-6BB18471D2AA}.Debug|Any CPU.ActiveCfg = Debug|Any CPU
		{4D062A52-2866-452F-97EA-6BB18471D2AA}.Debug|Any CPU.Build.0 = Debug|Any CPU
		{4D062A52-2866-452F-97EA-6BB18471D2AA}.Release|Any CPU.ActiveCfg = Release|Any CPU
		{4D062A52-2866-452F-97EA-6BB18471D2AA}.Release|Any CPU.Build.0 = Release|Any CPU
		{1D9F1824-BAD9-498E-8461-79B919B4CB61}.Debug|Any CPU.ActiveCfg = Debug|Any CPU
		{1D9F1824-BAD9-498E-8461-79B919B4CB61}.Debug|Any CPU.Build.0 = Debug|Any CPU
		{1D9F1824-BAD9-498E-8461-79B919B4CB61}.Release|Any CPU.ActiveCfg = Release|Any CPU
		{1D9F1824-BAD9-498E-8461-79B919B4CB61}.Release|Any CPU.Build.0 = Release|Any CPU
	EndGlobalSection
	GlobalSection(SolutionProperties) = preSolution
		HideSolutionNode = FALSE
	EndGlobalSection
	GlobalSection(ExtensibilityGlobals) = postSolution
		SolutionGuid = {0A67B9EC-208F-4472-B0D5-3712001B1434}
	EndGlobalSection
EndGlobal
