
Microsoft Visual Studio Solution File, Format Version 12.00
# Visual Studio Version 17
VisualStudioVersion = 17.3.32819.101
MinimumVisualStudioVersion = 10.0.40219.1
Project("{FAE04EC0-301F-11D3-BF4B-00C04F79EFBC}") = "Character.Api", "Character\Character.Api\Character.Api.csproj", "{53601411-B5B4-444A-854B-8E3E470190EC}"
EndProject
Project("{2150E333-8FDC-42A3-9474-1A3956D46DE8}") = "Character", "Character", "{6966DED2-545E-4631-BD5B-5A206BB5DEC2}"
EndProject
Global
	GlobalSection(SolutionConfigurationPlatforms) = preSolution
		Debug|Any CPU = Debug|Any CPU
		Release|Any CPU = Release|Any CPU
	EndGlobalSection
	GlobalSection(ProjectConfigurationPlatforms) = postSolution
		{53601411-B5B4-444A-854B-8E3E470190EC}.Debug|Any CPU.ActiveCfg = Debug|Any CPU
		{53601411-B5B4-444A-854B-8E3E470190EC}.Debug|Any CPU.Build.0 = Debug|Any CPU
		{53601411-B5B4-444A-854B-8E3E470190EC}.Release|Any CPU.ActiveCfg = Release|Any CPU
		{53601411-B5B4-444A-854B-8E3E470190EC}.Release|Any CPU.Build.0 = Release|Any CPU
	EndGlobalSection
	GlobalSection(SolutionProperties) = preSolution
		HideSolutionNode = FALSE
	EndGlobalSection
	GlobalSection(NestedProjects) = preSolution
		{53601411-B5B4-444A-854B-8E3E470190EC} = {6966DED2-545E-4631-BD5B-5A206BB5DEC2}
	EndGlobalSection
	GlobalSection(ExtensibilityGlobals) = postSolution
		SolutionGuid = {0A67B9EC-208F-4472-B0D5-3712001B1434}
	EndGlobalSection
EndGlobal
